// !$*UTF8*$!
{
	archiveVersion = 1;
	classes = {
	};
	objectVersion = 50;
	objects = {

/* Begin PBXBuildFile section */
		32018D6C24B2C1CF000FF26A /* MailViewController.m in Sources */ = {isa = PBXBuildFile; fileRef = 32018D6B24B2C1CF000FF26A /* MailViewController.m */; };
		32116F68247BACEF007F0D93 /* CustomPageControl.m in Sources */ = {isa = PBXBuildFile; fileRef = 32116F67247BACEF007F0D93 /* CustomPageControl.m */; };
		32116F6B247BADB1007F0D93 /* UIComponentViewController.m in Sources */ = {isa = PBXBuildFile; fileRef = 32116F6A247BADB1007F0D93 /* UIComponentViewController.m */; };
		327A25682473B60000CB41BE /* AutolayoutViewController.m in Sources */ = {isa = PBXBuildFile; fileRef = 327A25672473B60000CB41BE /* AutolayoutViewController.m */; };
		327A687D25B821DE00EEBA29 /* ThreadSafeTool.m in Sources */ = {isa = PBXBuildFile; fileRef = 327A687C25B821DE00EEBA29 /* ThreadSafeTool.m */; };
		32B4064A24C19D9400DF4C49 /* TestNSObjectViewController.m in Sources */ = {isa = PBXBuildFile; fileRef = 32B4064924C19D9400DF4C49 /* TestNSObjectViewController.m */; };
		32BC338F25B6A2E30019FB89 /* OCSingleton.m in Sources */ = {isa = PBXBuildFile; fileRef = 32BC338E25B6A2E30019FB89 /* OCSingleton.m */; };
		32C6FA74255B95060018D994 /* TestExceptions.m in Sources */ = {isa = PBXBuildFile; fileRef = 32C6FA73255B95060018D994 /* TestExceptions.m */; };
		32F4968F259C6394002B9B3A /* PlayerScrollView.m in Sources */ = {isa = PBXBuildFile; fileRef = 32F4968E259C6394002B9B3A /* PlayerScrollView.m */; };
		32F49692259C63BF002B9B3A /* VideoModel.m in Sources */ = {isa = PBXBuildFile; fileRef = 32F49691259C63BF002B9B3A /* VideoModel.m */; };
		6A0039AD2191806E0027773C /* NavigationTestOneViewController.m in Sources */ = {isa = PBXBuildFile; fileRef = 6A0039AC2191806E0027773C /* NavigationTestOneViewController.m */; };
		6A0039B0219180860027773C /* NavigationTestTwoViewController.m in Sources */ = {isa = PBXBuildFile; fileRef = 6A0039AF219180860027773C /* NavigationTestTwoViewController.m */; };
		6A04B0BB219042710089ED74 /* UIViewController+Test.m in Sources */ = {isa = PBXBuildFile; fileRef = 6A04B0BA219042710089ED74 /* UIViewController+Test.m */; };
		6A205CF522E814BB006168C0 /* WeakStrongViewController.m in Sources */ = {isa = PBXBuildFile; fileRef = 6A205CF422E814BB006168C0 /* WeakStrongViewController.m */; };
		6A797EC32695923B00537EDB /* SegmentedViewController.swift in Sources */ = {isa = PBXBuildFile; fileRef = 6A797EC22695923B00537EDB /* SegmentedViewController.swift */; };
		6A797ECC2695926500537EDB /* LiveSegmentedBaseDataSource.swift in Sources */ = {isa = PBXBuildFile; fileRef = 6A797EC72695926500537EDB /* LiveSegmentedBaseDataSource.swift */; };
		6A797ECD2695926500537EDB /* LiveSegmentedBaseItemModel.swift in Sources */ = {isa = PBXBuildFile; fileRef = 6A797EC82695926500537EDB /* LiveSegmentedBaseItemModel.swift */; };
		6A797ECE2695926500537EDB /* LiveSegmentedBaseCell.swift in Sources */ = {isa = PBXBuildFile; fileRef = 6A797EC92695926500537EDB /* LiveSegmentedBaseCell.swift */; };
		6A797ECF2695926500537EDB /* LiveSegmentedCollectionView.swift in Sources */ = {isa = PBXBuildFile; fileRef = 6A797ECA2695926500537EDB /* LiveSegmentedCollectionView.swift */; };
		6A797ED02695926500537EDB /* LiveSegmentedView.swift in Sources */ = {isa = PBXBuildFile; fileRef = 6A797ECB2695926500537EDB /* LiveSegmentedView.swift */; };
		6A797ED72695927000537EDB /* LiveSegmentedListContainerView.swift in Sources */ = {isa = PBXBuildFile; fileRef = 6A797ED32695927000537EDB /* LiveSegmentedListContainerView.swift */; };
		6A797ED82695927000537EDB /* LiveSegmentedRTLLayout.swift in Sources */ = {isa = PBXBuildFile; fileRef = 6A797ED42695927000537EDB /* LiveSegmentedRTLLayout.swift */; };
		6A797ED92695927000537EDB /* LiveSegmentedAnimator.swift in Sources */ = {isa = PBXBuildFile; fileRef = 6A797ED52695927000537EDB /* LiveSegmentedAnimator.swift */; };
		6A797EDA2695927000537EDB /* LiveSegmentedViewTool.swift in Sources */ = {isa = PBXBuildFile; fileRef = 6A797ED62695927000537EDB /* LiveSegmentedViewTool.swift */; };
		6A797EEA2695927E00537EDB /* LiveSegmentedIndicatorDotLineView.swift in Sources */ = {isa = PBXBuildFile; fileRef = 6A797EDD2695927E00537EDB /* LiveSegmentedIndicatorDotLineView.swift */; };
		6A797EED2695927E00537EDB /* LiveSegmentedIndicatorBaseView.swift in Sources */ = {isa = PBXBuildFile; fileRef = 6A797EE02695927E00537EDB /* LiveSegmentedIndicatorBaseView.swift */; };
		6A797EF02695927E00537EDB /* LiveSegmentedIndicatorSelectedParams.swift in Sources */ = {isa = PBXBuildFile; fileRef = 6A797EE32695927E00537EDB /* LiveSegmentedIndicatorSelectedParams.swift */; };
		6A797EF22695927E00537EDB /* LiveSegmentedIndicatorBackgroundView.swift in Sources */ = {isa = PBXBuildFile; fileRef = 6A797EE52695927E00537EDB /* LiveSegmentedIndicatorBackgroundView.swift */; };
		6A797EF42695927E00537EDB /* LiveSegmentedIndicatorProtocol.swift in Sources */ = {isa = PBXBuildFile; fileRef = 6A797EE72695927E00537EDB /* LiveSegmentedIndicatorProtocol.swift */; };
		6A797EFC2695935300537EDB /* LiveSegmentedTitleCell.swift in Sources */ = {isa = PBXBuildFile; fileRef = 6A797EF92695935300537EDB /* LiveSegmentedTitleCell.swift */; };
		6A797EFD2695935300537EDB /* LiveSegmentedTitleItemModel.swift in Sources */ = {isa = PBXBuildFile; fileRef = 6A797EFA2695935300537EDB /* LiveSegmentedTitleItemModel.swift */; };
		6A797EFE2695935300537EDB /* LiveSegmentedTitleDataSource.swift in Sources */ = {isa = PBXBuildFile; fileRef = 6A797EFB2695935300537EDB /* LiveSegmentedTitleDataSource.swift */; };
		6A8E49F421997CDA0063BCAC /* UINavigationController+Navbar.m in Sources */ = {isa = PBXBuildFile; fileRef = 6A8E49F321997CDA0063BCAC /* UINavigationController+Navbar.m */; };
		6A9B6DC522CBB0AA009C1C1D /* YingDuan.m in Sources */ = {isa = PBXBuildFile; fileRef = 6A9B6DC422CBB0AA009C1C1D /* YingDuan.m */; };
		B634E8932125258D0028D2EF /* TimerViewController.m in Sources */ = {isa = PBXBuildFile; fileRef = B634E8922125258D0028D2EF /* TimerViewController.m */; };
		B634E89721252B8E0028D2EF /* BaseViewController.m in Sources */ = {isa = PBXBuildFile; fileRef = B634E89621252B8E0028D2EF /* BaseViewController.m */; };
		B634E89B212553950028D2EF /* StringViewController.m in Sources */ = {isa = PBXBuildFile; fileRef = B634E89A212553950028D2EF /* StringViewController.m */; };
		B6382FD9212AC9F6002B4718 /* WeakProxy.m in Sources */ = {isa = PBXBuildFile; fileRef = B6382FD8212AC9F6002B4718 /* WeakProxy.m */; };
		B6382FDD212ACEAC002B4718 /* MsgViewController.m in Sources */ = {isa = PBXBuildFile; fileRef = B6382FDC212ACEAC002B4718 /* MsgViewController.m */; };
		B63CB453213CCE43000A113B /* TextStyleViewController.m in Sources */ = {isa = PBXBuildFile; fileRef = B63CB452213CCE43000A113B /* TextStyleViewController.m */; };
		B64181AE215F215C0093F5FD /* ImageViewController.m in Sources */ = {isa = PBXBuildFile; fileRef = B64181AD215F215C0093F5FD /* ImageViewController.m */; };
		B668B57521241EC400F60A79 /* AppDelegate.m in Sources */ = {isa = PBXBuildFile; fileRef = B668B57421241EC400F60A79 /* AppDelegate.m */; };
		B668B57821241EC400F60A79 /* ViewController.m in Sources */ = {isa = PBXBuildFile; fileRef = B668B57721241EC400F60A79 /* ViewController.m */; };
		B668B57B21241EC400F60A79 /* Main.storyboard in Resources */ = {isa = PBXBuildFile; fileRef = B668B57921241EC400F60A79 /* Main.storyboard */; };
		B668B57D21241EC500F60A79 /* Assets.xcassets in Resources */ = {isa = PBXBuildFile; fileRef = B668B57C21241EC500F60A79 /* Assets.xcassets */; };
		B668B58021241EC500F60A79 /* LaunchScreen.storyboard in Resources */ = {isa = PBXBuildFile; fileRef = B668B57E21241EC500F60A79 /* LaunchScreen.storyboard */; };
		B668B58321241EC500F60A79 /* main.m in Sources */ = {isa = PBXBuildFile; fileRef = B668B58221241EC500F60A79 /* main.m */; };
		B668B58C21241F5C00F60A79 /* SubProxy.m in Sources */ = {isa = PBXBuildFile; fileRef = B668B58B21241F5C00F60A79 /* SubProxy.m */; };
/* End PBXBuildFile section */

/* Begin PBXFileReference section */
		32018D6A24B2C1CF000FF26A /* MailViewController.h */ = {isa = PBXFileReference; lastKnownFileType = sourcecode.c.h; path = MailViewController.h; sourceTree = "<group>"; };
		32018D6B24B2C1CF000FF26A /* MailViewController.m */ = {isa = PBXFileReference; lastKnownFileType = sourcecode.c.objc; path = MailViewController.m; sourceTree = "<group>"; };
		32116F66247BACEF007F0D93 /* CustomPageControl.h */ = {isa = PBXFileReference; lastKnownFileType = sourcecode.c.h; path = CustomPageControl.h; sourceTree = "<group>"; };
		32116F67247BACEF007F0D93 /* CustomPageControl.m */ = {isa = PBXFileReference; lastKnownFileType = sourcecode.c.objc; path = CustomPageControl.m; sourceTree = "<group>"; };
		32116F69247BADB1007F0D93 /* UIComponentViewController.h */ = {isa = PBXFileReference; lastKnownFileType = sourcecode.c.h; path = UIComponentViewController.h; sourceTree = "<group>"; };
		32116F6A247BADB1007F0D93 /* UIComponentViewController.m */ = {isa = PBXFileReference; lastKnownFileType = sourcecode.c.objc; path = UIComponentViewController.m; sourceTree = "<group>"; };
		327A25662473B60000CB41BE /* AutolayoutViewController.h */ = {isa = PBXFileReference; lastKnownFileType = sourcecode.c.h; path = AutolayoutViewController.h; sourceTree = "<group>"; };
		327A25672473B60000CB41BE /* AutolayoutViewController.m */ = {isa = PBXFileReference; lastKnownFileType = sourcecode.c.objc; path = AutolayoutViewController.m; sourceTree = "<group>"; };
		327A687B25B821DE00EEBA29 /* ThreadSafeTool.h */ = {isa = PBXFileReference; lastKnownFileType = sourcecode.c.h; path = ThreadSafeTool.h; sourceTree = "<group>"; };
		327A687C25B821DE00EEBA29 /* ThreadSafeTool.m */ = {isa = PBXFileReference; lastKnownFileType = sourcecode.c.objc; path = ThreadSafeTool.m; sourceTree = "<group>"; };
		32B4064824C19D9400DF4C49 /* TestNSObjectViewController.h */ = {isa = PBXFileReference; lastKnownFileType = sourcecode.c.h; path = TestNSObjectViewController.h; sourceTree = "<group>"; };
		32B4064924C19D9400DF4C49 /* TestNSObjectViewController.m */ = {isa = PBXFileReference; lastKnownFileType = sourcecode.c.objc; path = TestNSObjectViewController.m; sourceTree = "<group>"; };
		32BC338D25B6A2E30019FB89 /* OCSingleton.h */ = {isa = PBXFileReference; lastKnownFileType = sourcecode.c.h; path = OCSingleton.h; sourceTree = "<group>"; };
		32BC338E25B6A2E30019FB89 /* OCSingleton.m */ = {isa = PBXFileReference; lastKnownFileType = sourcecode.c.objc; path = OCSingleton.m; sourceTree = "<group>"; };
		32C6FA72255B95060018D994 /* TestExceptions.h */ = {isa = PBXFileReference; lastKnownFileType = sourcecode.c.h; path = TestExceptions.h; sourceTree = "<group>"; };
		32C6FA73255B95060018D994 /* TestExceptions.m */ = {isa = PBXFileReference; lastKnownFileType = sourcecode.c.objc; path = TestExceptions.m; sourceTree = "<group>"; };
		32F4968D259C6394002B9B3A /* PlayerScrollView.h */ = {isa = PBXFileReference; lastKnownFileType = sourcecode.c.h; path = PlayerScrollView.h; sourceTree = "<group>"; };
		32F4968E259C6394002B9B3A /* PlayerScrollView.m */ = {isa = PBXFileReference; lastKnownFileType = sourcecode.c.objc; path = PlayerScrollView.m; sourceTree = "<group>"; };
		32F49690259C63BF002B9B3A /* VideoModel.h */ = {isa = PBXFileReference; lastKnownFileType = sourcecode.c.h; path = VideoModel.h; sourceTree = "<group>"; };
		32F49691259C63BF002B9B3A /* VideoModel.m */ = {isa = PBXFileReference; lastKnownFileType = sourcecode.c.objc; path = VideoModel.m; sourceTree = "<group>"; };
		6A0039AB2191806E0027773C /* NavigationTestOneViewController.h */ = {isa = PBXFileReference; lastKnownFileType = sourcecode.c.h; path = NavigationTestOneViewController.h; sourceTree = "<group>"; };
		6A0039AC2191806E0027773C /* NavigationTestOneViewController.m */ = {isa = PBXFileReference; lastKnownFileType = sourcecode.c.objc; path = NavigationTestOneViewController.m; sourceTree = "<group>"; };
		6A0039AE219180860027773C /* NavigationTestTwoViewController.h */ = {isa = PBXFileReference; lastKnownFileType = sourcecode.c.h; path = NavigationTestTwoViewController.h; sourceTree = "<group>"; };
		6A0039AF219180860027773C /* NavigationTestTwoViewController.m */ = {isa = PBXFileReference; lastKnownFileType = sourcecode.c.objc; path = NavigationTestTwoViewController.m; sourceTree = "<group>"; };
		6A04B0B9219042710089ED74 /* UIViewController+Test.h */ = {isa = PBXFileReference; lastKnownFileType = sourcecode.c.h; path = "UIViewController+Test.h"; sourceTree = "<group>"; };
		6A04B0BA219042710089ED74 /* UIViewController+Test.m */ = {isa = PBXFileReference; lastKnownFileType = sourcecode.c.objc; path = "UIViewController+Test.m"; sourceTree = "<group>"; };
		6A205CF322E814BB006168C0 /* WeakStrongViewController.h */ = {isa = PBXFileReference; lastKnownFileType = sourcecode.c.h; path = WeakStrongViewController.h; sourceTree = "<group>"; };
		6A205CF422E814BB006168C0 /* WeakStrongViewController.m */ = {isa = PBXFileReference; lastKnownFileType = sourcecode.c.objc; path = WeakStrongViewController.m; sourceTree = "<group>"; };
		6A797EC12695923B00537EDB /* OCThink-Bridging-Header.h */ = {isa = PBXFileReference; lastKnownFileType = sourcecode.c.h; path = "OCThink-Bridging-Header.h"; sourceTree = "<group>"; };
		6A797EC22695923B00537EDB /* SegmentedViewController.swift */ = {isa = PBXFileReference; lastKnownFileType = sourcecode.swift; path = SegmentedViewController.swift; sourceTree = "<group>"; };
		6A797EC72695926500537EDB /* LiveSegmentedBaseDataSource.swift */ = {isa = PBXFileReference; fileEncoding = 4; lastKnownFileType = sourcecode.swift; path = LiveSegmentedBaseDataSource.swift; sourceTree = "<group>"; };
		6A797EC82695926500537EDB /* LiveSegmentedBaseItemModel.swift */ = {isa = PBXFileReference; fileEncoding = 4; lastKnownFileType = sourcecode.swift; path = LiveSegmentedBaseItemModel.swift; sourceTree = "<group>"; };
		6A797EC92695926500537EDB /* LiveSegmentedBaseCell.swift */ = {isa = PBXFileReference; fileEncoding = 4; lastKnownFileType = sourcecode.swift; path = LiveSegmentedBaseCell.swift; sourceTree = "<group>"; };
		6A797ECA2695926500537EDB /* LiveSegmentedCollectionView.swift */ = {isa = PBXFileReference; fileEncoding = 4; lastKnownFileType = sourcecode.swift; path = LiveSegmentedCollectionView.swift; sourceTree = "<group>"; };
		6A797ECB2695926500537EDB /* LiveSegmentedView.swift */ = {isa = PBXFileReference; fileEncoding = 4; lastKnownFileType = sourcecode.swift; path = LiveSegmentedView.swift; sourceTree = "<group>"; };
		6A797ED32695927000537EDB /* LiveSegmentedListContainerView.swift */ = {isa = PBXFileReference; fileEncoding = 4; lastKnownFileType = sourcecode.swift; path = LiveSegmentedListContainerView.swift; sourceTree = "<group>"; };
		6A797ED42695927000537EDB /* LiveSegmentedRTLLayout.swift */ = {isa = PBXFileReference; fileEncoding = 4; lastKnownFileType = sourcecode.swift; path = LiveSegmentedRTLLayout.swift; sourceTree = "<group>"; };
		6A797ED52695927000537EDB /* LiveSegmentedAnimator.swift */ = {isa = PBXFileReference; fileEncoding = 4; lastKnownFileType = sourcecode.swift; path = LiveSegmentedAnimator.swift; sourceTree = "<group>"; };
		6A797ED62695927000537EDB /* LiveSegmentedViewTool.swift */ = {isa = PBXFileReference; fileEncoding = 4; lastKnownFileType = sourcecode.swift; path = LiveSegmentedViewTool.swift; sourceTree = "<group>"; };
		6A797EDD2695927E00537EDB /* LiveSegmentedIndicatorDotLineView.swift */ = {isa = PBXFileReference; fileEncoding = 4; lastKnownFileType = sourcecode.swift; path = LiveSegmentedIndicatorDotLineView.swift; sourceTree = "<group>"; };
		6A797EE02695927E00537EDB /* LiveSegmentedIndicatorBaseView.swift */ = {isa = PBXFileReference; fileEncoding = 4; lastKnownFileType = sourcecode.swift; path = LiveSegmentedIndicatorBaseView.swift; sourceTree = "<group>"; };
		6A797EE32695927E00537EDB /* LiveSegmentedIndicatorSelectedParams.swift */ = {isa = PBXFileReference; fileEncoding = 4; lastKnownFileType = sourcecode.swift; path = LiveSegmentedIndicatorSelectedParams.swift; sourceTree = "<group>"; };
		6A797EE52695927E00537EDB /* LiveSegmentedIndicatorBackgroundView.swift */ = {isa = PBXFileReference; fileEncoding = 4; lastKnownFileType = sourcecode.swift; path = LiveSegmentedIndicatorBackgroundView.swift; sourceTree = "<group>"; };
		6A797EE72695927E00537EDB /* LiveSegmentedIndicatorProtocol.swift */ = {isa = PBXFileReference; fileEncoding = 4; lastKnownFileType = sourcecode.swift; path = LiveSegmentedIndicatorProtocol.swift; sourceTree = "<group>"; };
		6A797EF92695935300537EDB /* LiveSegmentedTitleCell.swift */ = {isa = PBXFileReference; fileEncoding = 4; lastKnownFileType = sourcecode.swift; path = LiveSegmentedTitleCell.swift; sourceTree = "<group>"; };
		6A797EFA2695935300537EDB /* LiveSegmentedTitleItemModel.swift */ = {isa = PBXFileReference; fileEncoding = 4; lastKnownFileType = sourcecode.swift; path = LiveSegmentedTitleItemModel.swift; sourceTree = "<group>"; };
		6A797EFB2695935300537EDB /* LiveSegmentedTitleDataSource.swift */ = {isa = PBXFileReference; fileEncoding = 4; lastKnownFileType = sourcecode.swift; path = LiveSegmentedTitleDataSource.swift; sourceTree = "<group>"; };
		6A8E49F221997CDA0063BCAC /* UINavigationController+Navbar.h */ = {isa = PBXFileReference; lastKnownFileType = sourcecode.c.h; path = "UINavigationController+Navbar.h"; sourceTree = "<group>"; };
		6A8E49F321997CDA0063BCAC /* UINavigationController+Navbar.m */ = {isa = PBXFileReference; lastKnownFileType = sourcecode.c.objc; path = "UINavigationController+Navbar.m"; sourceTree = "<group>"; };
		6A9B6DC322CBB0AA009C1C1D /* YingDuan.h */ = {isa = PBXFileReference; lastKnownFileType = sourcecode.c.h; path = YingDuan.h; sourceTree = "<group>"; };
		6A9B6DC422CBB0AA009C1C1D /* YingDuan.m */ = {isa = PBXFileReference; lastKnownFileType = sourcecode.c.objc; path = YingDuan.m; sourceTree = "<group>"; };
		B634E8912125258D0028D2EF /* TimerViewController.h */ = {isa = PBXFileReference; lastKnownFileType = sourcecode.c.h; path = TimerViewController.h; sourceTree = "<group>"; };
		B634E8922125258D0028D2EF /* TimerViewController.m */ = {isa = PBXFileReference; lastKnownFileType = sourcecode.c.objc; path = TimerViewController.m; sourceTree = "<group>"; };
		B634E89521252B8E0028D2EF /* BaseViewController.h */ = {isa = PBXFileReference; lastKnownFileType = sourcecode.c.h; path = BaseViewController.h; sourceTree = "<group>"; };
		B634E89621252B8E0028D2EF /* BaseViewController.m */ = {isa = PBXFileReference; lastKnownFileType = sourcecode.c.objc; path = BaseViewController.m; sourceTree = "<group>"; };
		B634E899212553950028D2EF /* StringViewController.h */ = {isa = PBXFileReference; lastKnownFileType = sourcecode.c.h; path = StringViewController.h; sourceTree = "<group>"; };
		B634E89A212553950028D2EF /* StringViewController.m */ = {isa = PBXFileReference; lastKnownFileType = sourcecode.c.objc; path = StringViewController.m; sourceTree = "<group>"; };
		B6382FD7212AC9F6002B4718 /* WeakProxy.h */ = {isa = PBXFileReference; lastKnownFileType = sourcecode.c.h; path = WeakProxy.h; sourceTree = "<group>"; };
		B6382FD8212AC9F6002B4718 /* WeakProxy.m */ = {isa = PBXFileReference; lastKnownFileType = sourcecode.c.objc; path = WeakProxy.m; sourceTree = "<group>"; };
		B6382FDB212ACEAC002B4718 /* MsgViewController.h */ = {isa = PBXFileReference; lastKnownFileType = sourcecode.c.h; path = MsgViewController.h; sourceTree = "<group>"; };
		B6382FDC212ACEAC002B4718 /* MsgViewController.m */ = {isa = PBXFileReference; lastKnownFileType = sourcecode.c.objc; path = MsgViewController.m; sourceTree = "<group>"; };
		B63CB451213CCE43000A113B /* TextStyleViewController.h */ = {isa = PBXFileReference; lastKnownFileType = sourcecode.c.h; path = TextStyleViewController.h; sourceTree = "<group>"; };
		B63CB452213CCE43000A113B /* TextStyleViewController.m */ = {isa = PBXFileReference; lastKnownFileType = sourcecode.c.objc; path = TextStyleViewController.m; sourceTree = "<group>"; };
		B64181AC215F215C0093F5FD /* ImageViewController.h */ = {isa = PBXFileReference; lastKnownFileType = sourcecode.c.h; path = ImageViewController.h; sourceTree = "<group>"; };
		B64181AD215F215C0093F5FD /* ImageViewController.m */ = {isa = PBXFileReference; lastKnownFileType = sourcecode.c.objc; path = ImageViewController.m; sourceTree = "<group>"; };
		B668B57021241EC400F60A79 /* OCThink.app */ = {isa = PBXFileReference; explicitFileType = wrapper.application; includeInIndex = 0; path = OCThink.app; sourceTree = BUILT_PRODUCTS_DIR; };
		B668B57321241EC400F60A79 /* AppDelegate.h */ = {isa = PBXFileReference; lastKnownFileType = sourcecode.c.h; path = AppDelegate.h; sourceTree = "<group>"; };
		B668B57421241EC400F60A79 /* AppDelegate.m */ = {isa = PBXFileReference; lastKnownFileType = sourcecode.c.objc; path = AppDelegate.m; sourceTree = "<group>"; };
		B668B57621241EC400F60A79 /* ViewController.h */ = {isa = PBXFileReference; lastKnownFileType = sourcecode.c.h; path = ViewController.h; sourceTree = "<group>"; };
		B668B57721241EC400F60A79 /* ViewController.m */ = {isa = PBXFileReference; lastKnownFileType = sourcecode.c.objc; path = ViewController.m; sourceTree = "<group>"; };
		B668B57A21241EC400F60A79 /* Base */ = {isa = PBXFileReference; lastKnownFileType = file.storyboard; name = Base; path = Base.lproj/Main.storyboard; sourceTree = "<group>"; };
		B668B57C21241EC500F60A79 /* Assets.xcassets */ = {isa = PBXFileReference; lastKnownFileType = folder.assetcatalog; path = Assets.xcassets; sourceTree = "<group>"; };
		B668B57F21241EC500F60A79 /* Base */ = {isa = PBXFileReference; lastKnownFileType = file.storyboard; name = Base; path = Base.lproj/LaunchScreen.storyboard; sourceTree = "<group>"; };
		B668B58121241EC500F60A79 /* Info.plist */ = {isa = PBXFileReference; lastKnownFileType = text.plist.xml; path = Info.plist; sourceTree = "<group>"; };
		B668B58221241EC500F60A79 /* main.m */ = {isa = PBXFileReference; lastKnownFileType = sourcecode.c.objc; path = main.m; sourceTree = "<group>"; };
		B668B58A21241F5C00F60A79 /* SubProxy.h */ = {isa = PBXFileReference; lastKnownFileType = sourcecode.c.h; path = SubProxy.h; sourceTree = "<group>"; };
		B668B58B21241F5C00F60A79 /* SubProxy.m */ = {isa = PBXFileReference; lastKnownFileType = sourcecode.c.objc; path = SubProxy.m; sourceTree = "<group>"; };
/* End PBXFileReference section */

/* Begin PBXFrameworksBuildPhase section */
		B668B56D21241EC400F60A79 /* Frameworks */ = {
			isa = PBXFrameworksBuildPhase;
			buildActionMask = 2147483647;
			files = (
			);
			runOnlyForDeploymentPostprocessing = 0;
		};
/* End PBXFrameworksBuildPhase section */

/* Begin PBXGroup section */
		32018D6924B2C18B000FF26A /* Mail */ = {
			isa = PBXGroup;
			children = (
				32018D6A24B2C1CF000FF26A /* MailViewController.h */,
				32018D6B24B2C1CF000FF26A /* MailViewController.m */,
			);
			path = Mail;
			sourceTree = "<group>";
		};
		32116F64247BACCA007F0D93 /* UIComponent */ = {
			isa = PBXGroup;
			children = (
				32116F65247BACD3007F0D93 /* UIPageControl */,
				32116F69247BADB1007F0D93 /* UIComponentViewController.h */,
				32116F6A247BADB1007F0D93 /* UIComponentViewController.m */,
			);
			path = UIComponent;
			sourceTree = "<group>";
		};
		32116F65247BACD3007F0D93 /* UIPageControl */ = {
			isa = PBXGroup;
			children = (
				32116F66247BACEF007F0D93 /* CustomPageControl.h */,
				32116F67247BACEF007F0D93 /* CustomPageControl.m */,
			);
			path = UIPageControl;
			sourceTree = "<group>";
		};
		327A25652473B5D400CB41BE /* AutoLayout */ = {
			isa = PBXGroup;
			children = (
				327A25662473B60000CB41BE /* AutolayoutViewController.h */,
				327A25672473B60000CB41BE /* AutolayoutViewController.m */,
			);
			path = AutoLayout;
			sourceTree = "<group>";
		};
		327A687A25B821B800EEBA29 /* Thread */ = {
			isa = PBXGroup;
			children = (
				327A687B25B821DE00EEBA29 /* ThreadSafeTool.h */,
				327A687C25B821DE00EEBA29 /* ThreadSafeTool.m */,
			);
			path = Thread;
			sourceTree = "<group>";
		};
		32B4064724C19D6D00DF4C49 /* Object */ = {
			isa = PBXGroup;
			children = (
				32B4064824C19D9400DF4C49 /* TestNSObjectViewController.h */,
				32B4064924C19D9400DF4C49 /* TestNSObjectViewController.m */,
			);
			path = Object;
			sourceTree = "<group>";
		};
		32BC338B25B6A2BF0019FB89 /* Singleton */ = {
			isa = PBXGroup;
			children = (
				32BC338D25B6A2E30019FB89 /* OCSingleton.h */,
				32BC338E25B6A2E30019FB89 /* OCSingleton.m */,
			);
			path = Singleton;
			sourceTree = "<group>";
		};
		32C6FA71255B94F50018D994 /* Exception */ = {
			isa = PBXGroup;
			children = (
				32C6FA72255B95060018D994 /* TestExceptions.h */,
				32C6FA73255B95060018D994 /* TestExceptions.m */,
			);
			path = Exception;
			sourceTree = "<group>";
		};
		32F49689259C6304002B9B3A /* SwipeRoom */ = {
			isa = PBXGroup;
			children = (
				32F4968D259C6394002B9B3A /* PlayerScrollView.h */,
				32F4968E259C6394002B9B3A /* PlayerScrollView.m */,
				32F49690259C63BF002B9B3A /* VideoModel.h */,
				32F49691259C63BF002B9B3A /* VideoModel.m */,
			);
			path = SwipeRoom;
			sourceTree = "<group>";
		};
		6A0039AA219180400027773C /* Navigation */ = {
			isa = PBXGroup;
			children = (
				6A0039AB2191806E0027773C /* NavigationTestOneViewController.h */,
				6A0039AC2191806E0027773C /* NavigationTestOneViewController.m */,
				6A0039AE219180860027773C /* NavigationTestTwoViewController.h */,
				6A0039AF219180860027773C /* NavigationTestTwoViewController.m */,
				6A8E49F221997CDA0063BCAC /* UINavigationController+Navbar.h */,
				6A8E49F321997CDA0063BCAC /* UINavigationController+Navbar.m */,
			);
			path = Navigation;
			sourceTree = "<group>";
		};
		6A04B0AD21903F2E0089ED74 /* MethodSwizzling */ = {
			isa = PBXGroup;
			children = (
				6A04B0B9219042710089ED74 /* UIViewController+Test.h */,
				6A04B0BA219042710089ED74 /* UIViewController+Test.m */,
			);
			path = MethodSwizzling;
			sourceTree = "<group>";
		};
		6A205CF222E8148A006168C0 /* weakstrong */ = {
			isa = PBXGroup;
			children = (
				6A205CF322E814BB006168C0 /* WeakStrongViewController.h */,
				6A205CF422E814BB006168C0 /* WeakStrongViewController.m */,
			);
			path = weakstrong;
			sourceTree = "<group>";
		};
		6A797EC02695921F00537EDB /* Swift */ = {
			isa = PBXGroup;
			children = (
				6A797EF82695935300537EDB /* Title */,
				6A797EDC2695927E00537EDB /* Indicator */,
				6A797ED22695927000537EDB /* Common */,
				6A797EC62695926500537EDB /* Core */,
				6A797EC22695923B00537EDB /* SegmentedViewController.swift */,
				6A797EC12695923B00537EDB /* OCThink-Bridging-Header.h */,
			);
			path = Swift;
			sourceTree = "<group>";
		};
		6A797EC62695926500537EDB /* Core */ = {
			isa = PBXGroup;
			children = (
				6A797EC72695926500537EDB /* LiveSegmentedBaseDataSource.swift */,
				6A797EC82695926500537EDB /* LiveSegmentedBaseItemModel.swift */,
				6A797EC92695926500537EDB /* LiveSegmentedBaseCell.swift */,
				6A797ECA2695926500537EDB /* LiveSegmentedCollectionView.swift */,
				6A797ECB2695926500537EDB /* LiveSegmentedView.swift */,
			);
			path = Core;
			sourceTree = "<group>";
		};
		6A797ED22695927000537EDB /* Common */ = {
			isa = PBXGroup;
			children = (
				6A797ED32695927000537EDB /* LiveSegmentedListContainerView.swift */,
				6A797ED42695927000537EDB /* LiveSegmentedRTLLayout.swift */,
				6A797ED52695927000537EDB /* LiveSegmentedAnimator.swift */,
				6A797ED62695927000537EDB /* LiveSegmentedViewTool.swift */,
			);
			path = Common;
			sourceTree = "<group>";
		};
		6A797EDC2695927E00537EDB /* Indicator */ = {
			isa = PBXGroup;
			children = (
				6A797EDD2695927E00537EDB /* LiveSegmentedIndicatorDotLineView.swift */,
				6A797EE02695927E00537EDB /* LiveSegmentedIndicatorBaseView.swift */,
				6A797EE32695927E00537EDB /* LiveSegmentedIndicatorSelectedParams.swift */,
				6A797EE52695927E00537EDB /* LiveSegmentedIndicatorBackgroundView.swift */,
				6A797EE72695927E00537EDB /* LiveSegmentedIndicatorProtocol.swift */,
			);
			path = Indicator;
			sourceTree = "<group>";
		};
		6A797EF82695935300537EDB /* Title */ = {
			isa = PBXGroup;
			children = (
				6A797EF92695935300537EDB /* LiveSegmentedTitleCell.swift */,
				6A797EFA2695935300537EDB /* LiveSegmentedTitleItemModel.swift */,
				6A797EFB2695935300537EDB /* LiveSegmentedTitleDataSource.swift */,
			);
			path = Title;
			sourceTree = "<group>";
		};
		B634E890212525720028D2EF /* NSTimer */ = {
			isa = PBXGroup;
			children = (
				B634E8912125258D0028D2EF /* TimerViewController.h */,
				B634E8922125258D0028D2EF /* TimerViewController.m */,
				B6382FD7212AC9F6002B4718 /* WeakProxy.h */,
				B6382FD8212AC9F6002B4718 /* WeakProxy.m */,
			);
			path = NSTimer;
			sourceTree = "<group>";
		};
		B634E89421252A690028D2EF /* Base */ = {
			isa = PBXGroup;
			children = (
				B634E89521252B8E0028D2EF /* BaseViewController.h */,
				B634E89621252B8E0028D2EF /* BaseViewController.m */,
			);
			path = Base;
			sourceTree = "<group>";
		};
		B634E8982125537F0028D2EF /* NSString */ = {
			isa = PBXGroup;
			children = (
				B634E899212553950028D2EF /* StringViewController.h */,
				B634E89A212553950028D2EF /* StringViewController.m */,
			);
			path = NSString;
			sourceTree = "<group>";
		};
		B6382FDA212ACE8A002B4718 /* MsgSend */ = {
			isa = PBXGroup;
			children = (
				B6382FDB212ACEAC002B4718 /* MsgViewController.h */,
				B6382FDC212ACEAC002B4718 /* MsgViewController.m */,
				6A9B6DC322CBB0AA009C1C1D /* YingDuan.h */,
				6A9B6DC422CBB0AA009C1C1D /* YingDuan.m */,
			);
			path = MsgSend;
			sourceTree = "<group>";
		};
		B63CB450213CCE28000A113B /* TextStyle */ = {
			isa = PBXGroup;
			children = (
				B63CB451213CCE43000A113B /* TextStyleViewController.h */,
				B63CB452213CCE43000A113B /* TextStyleViewController.m */,
			);
			path = TextStyle;
			sourceTree = "<group>";
		};
		B64181AB215F21450093F5FD /* Image */ = {
			isa = PBXGroup;
			children = (
				B64181AC215F215C0093F5FD /* ImageViewController.h */,
				B64181AD215F215C0093F5FD /* ImageViewController.m */,
			);
			path = Image;
			sourceTree = "<group>";
		};
		B668B56721241EC400F60A79 = {
			isa = PBXGroup;
			children = (
				B668B57221241EC400F60A79 /* OCThink */,
				B668B57121241EC400F60A79 /* Products */,
			);
			sourceTree = "<group>";
		};
		B668B57121241EC400F60A79 /* Products */ = {
			isa = PBXGroup;
			children = (
				B668B57021241EC400F60A79 /* OCThink.app */,
			);
			name = Products;
			sourceTree = "<group>";
		};
		B668B57221241EC400F60A79 /* OCThink */ = {
			isa = PBXGroup;
			children = (
				6A797EC02695921F00537EDB /* Swift */,
				327A687A25B821B800EEBA29 /* Thread */,
				32BC338B25B6A2BF0019FB89 /* Singleton */,
				32F49689259C6304002B9B3A /* SwipeRoom */,
				32C6FA71255B94F50018D994 /* Exception */,
				32B4064724C19D6D00DF4C49 /* Object */,
				32018D6924B2C18B000FF26A /* Mail */,
				32116F64247BACCA007F0D93 /* UIComponent */,
				327A25652473B5D400CB41BE /* AutoLayout */,
				6A205CF222E8148A006168C0 /* weakstrong */,
				6A0039AA219180400027773C /* Navigation */,
				6A04B0AD21903F2E0089ED74 /* MethodSwizzling */,
				B64181AB215F21450093F5FD /* Image */,
				B63CB450213CCE28000A113B /* TextStyle */,
				B6382FDA212ACE8A002B4718 /* MsgSend */,
				B634E8982125537F0028D2EF /* NSString */,
				B634E89421252A690028D2EF /* Base */,
				B634E890212525720028D2EF /* NSTimer */,
				B668B58921241F4500F60A79 /* NSProxy */,
				B668B57321241EC400F60A79 /* AppDelegate.h */,
				B668B57421241EC400F60A79 /* AppDelegate.m */,
				B668B57621241EC400F60A79 /* ViewController.h */,
				B668B57721241EC400F60A79 /* ViewController.m */,
				B668B57921241EC400F60A79 /* Main.storyboard */,
				B668B57C21241EC500F60A79 /* Assets.xcassets */,
				B668B57E21241EC500F60A79 /* LaunchScreen.storyboard */,
				B668B58121241EC500F60A79 /* Info.plist */,
				B668B58221241EC500F60A79 /* main.m */,
			);
			path = OCThink;
			sourceTree = "<group>";
		};
		B668B58921241F4500F60A79 /* NSProxy */ = {
			isa = PBXGroup;
			children = (
				B668B58A21241F5C00F60A79 /* SubProxy.h */,
				B668B58B21241F5C00F60A79 /* SubProxy.m */,
			);
			path = NSProxy;
			sourceTree = "<group>";
		};
/* End PBXGroup section */

/* Begin PBXNativeTarget section */
		B668B56F21241EC400F60A79 /* OCThink */ = {
			isa = PBXNativeTarget;
			buildConfigurationList = B668B58621241EC500F60A79 /* Build configuration list for PBXNativeTarget "OCThink" */;
			buildPhases = (
				B668B56C21241EC400F60A79 /* Sources */,
				B668B56D21241EC400F60A79 /* Frameworks */,
				B668B56E21241EC400F60A79 /* Resources */,
			);
			buildRules = (
			);
			dependencies = (
			);
			name = OCThink;
			productName = OCThink;
			productReference = B668B57021241EC400F60A79 /* OCThink.app */;
			productType = "com.apple.product-type.application";
		};
/* End PBXNativeTarget section */

/* Begin PBXProject section */
		B668B56821241EC400F60A79 /* Project object */ = {
			isa = PBXProject;
			attributes = {
				LastUpgradeCheck = 0940;
				ORGANIZATIONNAME = leoli;
				TargetAttributes = {
					B668B56F21241EC400F60A79 = {
						CreatedOnToolsVersion = 9.4.1;
						LastSwiftMigration = 1240;
					};
				};
			};
			buildConfigurationList = B668B56B21241EC400F60A79 /* Build configuration list for PBXProject "OCThink" */;
			compatibilityVersion = "Xcode 9.3";
			developmentRegion = en;
			hasScannedForEncodings = 0;
			knownRegions = (
				en,
				Base,
			);
			mainGroup = B668B56721241EC400F60A79;
			productRefGroup = B668B57121241EC400F60A79 /* Products */;
			projectDirPath = "";
			projectRoot = "";
			targets = (
				B668B56F21241EC400F60A79 /* OCThink */,
			);
		};
/* End PBXProject section */

/* Begin PBXResourcesBuildPhase section */
		B668B56E21241EC400F60A79 /* Resources */ = {
			isa = PBXResourcesBuildPhase;
			buildActionMask = 2147483647;
			files = (
				B668B58021241EC500F60A79 /* LaunchScreen.storyboard in Resources */,
				B668B57D21241EC500F60A79 /* Assets.xcassets in Resources */,
				B668B57B21241EC400F60A79 /* Main.storyboard in Resources */,
			);
			runOnlyForDeploymentPostprocessing = 0;
		};
/* End PBXResourcesBuildPhase section */

/* Begin PBXSourcesBuildPhase section */
		B668B56C21241EC400F60A79 /* Sources */ = {
			isa = PBXSourcesBuildPhase;
			buildActionMask = 2147483647;
			files = (
				6A797ECC2695926500537EDB /* LiveSegmentedBaseDataSource.swift in Sources */,
				6A797ED92695927000537EDB /* LiveSegmentedAnimator.swift in Sources */,
				6A797EF42695927E00537EDB /* LiveSegmentedIndicatorProtocol.swift in Sources */,
				6A8E49F421997CDA0063BCAC /* UINavigationController+Navbar.m in Sources */,
				6A797EEA2695927E00537EDB /* LiveSegmentedIndicatorDotLineView.swift in Sources */,
				B6382FD9212AC9F6002B4718 /* WeakProxy.m in Sources */,
				B668B57821241EC400F60A79 /* ViewController.m in Sources */,
				B634E89721252B8E0028D2EF /* BaseViewController.m in Sources */,
				32F4968F259C6394002B9B3A /* PlayerScrollView.m in Sources */,
				6A797ECD2695926500537EDB /* LiveSegmentedBaseItemModel.swift in Sources */,
				32018D6C24B2C1CF000FF26A /* MailViewController.m in Sources */,
				6A797EFE2695935300537EDB /* LiveSegmentedTitleDataSource.swift in Sources */,
				6A797EED2695927E00537EDB /* LiveSegmentedIndicatorBaseView.swift in Sources */,
				6A9B6DC522CBB0AA009C1C1D /* YingDuan.m in Sources */,
				6A797ED02695926500537EDB /* LiveSegmentedView.swift in Sources */,
				32BC338F25B6A2E30019FB89 /* OCSingleton.m in Sources */,
				6A797ECE2695926500537EDB /* LiveSegmentedBaseCell.swift in Sources */,
				6A0039B0219180860027773C /* NavigationTestTwoViewController.m in Sources */,
				32116F68247BACEF007F0D93 /* CustomPageControl.m in Sources */,
				B63CB453213CCE43000A113B /* TextStyleViewController.m in Sources */,
				6A797ED82695927000537EDB /* LiveSegmentedRTLLayout.swift in Sources */,
				32C6FA74255B95060018D994 /* TestExceptions.m in Sources */,
				B64181AE215F215C0093F5FD /* ImageViewController.m in Sources */,
				B668B58C21241F5C00F60A79 /* SubProxy.m in Sources */,
				327A25682473B60000CB41BE /* AutolayoutViewController.m in Sources */,
				6A04B0BB219042710089ED74 /* UIViewController+Test.m in Sources */,
				327A687D25B821DE00EEBA29 /* ThreadSafeTool.m in Sources */,
				6A797ED72695927000537EDB /* LiveSegmentedListContainerView.swift in Sources */,
				6A797EFC2695935300537EDB /* LiveSegmentedTitleCell.swift in Sources */,
				6A797EDA2695927000537EDB /* LiveSegmentedViewTool.swift in Sources */,
				6A797EFD2695935300537EDB /* LiveSegmentedTitleItemModel.swift in Sources */,
				B634E8932125258D0028D2EF /* TimerViewController.m in Sources */,
				32F49692259C63BF002B9B3A /* VideoModel.m in Sources */,
				6A797EC32695923B00537EDB /* SegmentedViewController.swift in Sources */,
				6A0039AD2191806E0027773C /* NavigationTestOneViewController.m in Sources */,
				32116F6B247BADB1007F0D93 /* UIComponentViewController.m in Sources */,
				32B4064A24C19D9400DF4C49 /* TestNSObjectViewController.m in Sources */,
				B668B58321241EC500F60A79 /* main.m in Sources */,
				6A797EF22695927E00537EDB /* LiveSegmentedIndicatorBackgroundView.swift in Sources */,
				B6382FDD212ACEAC002B4718 /* MsgViewController.m in Sources */,
				B634E89B212553950028D2EF /* StringViewController.m in Sources */,
				6A797EF02695927E00537EDB /* LiveSegmentedIndicatorSelectedParams.swift in Sources */,
				B668B57521241EC400F60A79 /* AppDelegate.m in Sources */,
				6A205CF522E814BB006168C0 /* WeakStrongViewController.m in Sources */,
				6A797ECF2695926500537EDB /* LiveSegmentedCollectionView.swift in Sources */,
			);
			runOnlyForDeploymentPostprocessing = 0;
		};
/* End PBXSourcesBuildPhase section */

/* Begin PBXVariantGroup section */
		B668B57921241EC400F60A79 /* Main.storyboard */ = {
			isa = PBXVariantGroup;
			children = (
				B668B57A21241EC400F60A79 /* Base */,
			);
			name = Main.storyboard;
			sourceTree = "<group>";
		};
		B668B57E21241EC500F60A79 /* LaunchScreen.storyboard */ = {
			isa = PBXVariantGroup;
			children = (
				B668B57F21241EC500F60A79 /* Base */,
			);
			name = LaunchScreen.storyboard;
			sourceTree = "<group>";
		};
/* End PBXVariantGroup section */

/* Begin XCBuildConfiguration section */
		B668B58421241EC500F60A79 /* Debug */ = {
			isa = XCBuildConfiguration;
			buildSettings = {
				ALWAYS_SEARCH_USER_PATHS = NO;
				CLANG_ANALYZER_NONNULL = YES;
				CLANG_ANALYZER_NUMBER_OBJECT_CONVERSION = YES_AGGRESSIVE;
				CLANG_CXX_LANGUAGE_STANDARD = "gnu++14";
				CLANG_CXX_LIBRARY = "libc++";
				CLANG_ENABLE_MODULES = YES;
				CLANG_ENABLE_OBJC_ARC = YES;
				CLANG_ENABLE_OBJC_WEAK = YES;
				CLANG_WARN_BLOCK_CAPTURE_AUTORELEASING = YES;
				CLANG_WARN_BOOL_CONVERSION = YES;
				CLANG_WARN_COMMA = YES;
				CLANG_WARN_CONSTANT_CONVERSION = YES;
				CLANG_WARN_DEPRECATED_OBJC_IMPLEMENTATIONS = YES;
				CLANG_WARN_DIRECT_OBJC_ISA_USAGE = YES_ERROR;
				CLANG_WARN_DOCUMENTATION_COMMENTS = YES;
				CLANG_WARN_EMPTY_BODY = YES;
				CLANG_WARN_ENUM_CONVERSION = YES;
				CLANG_WARN_INFINITE_RECURSION = YES;
				CLANG_WARN_INT_CONVERSION = YES;
				CLANG_WARN_NON_LITERAL_NULL_CONVERSION = YES;
				CLANG_WARN_OBJC_IMPLICIT_RETAIN_SELF = YES;
				CLANG_WARN_OBJC_LITERAL_CONVERSION = YES;
				CLANG_WARN_OBJC_ROOT_CLASS = YES_ERROR;
				CLANG_WARN_RANGE_LOOP_ANALYSIS = YES;
				CLANG_WARN_STRICT_PROTOTYPES = YES;
				CLANG_WARN_SUSPICIOUS_MOVE = YES;
				CLANG_WARN_UNGUARDED_AVAILABILITY = YES_AGGRESSIVE;
				CLANG_WARN_UNREACHABLE_CODE = YES;
				CLANG_WARN__DUPLICATE_METHOD_MATCH = YES;
				CODE_SIGN_IDENTITY = "iPhone Developer";
				COPY_PHASE_STRIP = NO;
				DEBUG_INFORMATION_FORMAT = dwarf;
				ENABLE_STRICT_OBJC_MSGSEND = YES;
				ENABLE_TESTABILITY = YES;
				GCC_C_LANGUAGE_STANDARD = gnu11;
				GCC_DYNAMIC_NO_PIC = NO;
				GCC_NO_COMMON_BLOCKS = YES;
				GCC_OPTIMIZATION_LEVEL = 0;
				GCC_PREPROCESSOR_DEFINITIONS = (
					"DEBUG=1",
					"$(inherited)",
				);
				GCC_WARN_64_TO_32_BIT_CONVERSION = YES;
				GCC_WARN_ABOUT_RETURN_TYPE = YES_ERROR;
				GCC_WARN_UNDECLARED_SELECTOR = YES;
				GCC_WARN_UNINITIALIZED_AUTOS = YES_AGGRESSIVE;
				GCC_WARN_UNUSED_FUNCTION = YES;
				GCC_WARN_UNUSED_VARIABLE = YES;
				IPHONEOS_DEPLOYMENT_TARGET = 11.4;
				MTL_ENABLE_DEBUG_INFO = YES;
				ONLY_ACTIVE_ARCH = YES;
				SDKROOT = iphoneos;
			};
			name = Debug;
		};
		B668B58521241EC500F60A79 /* Release */ = {
			isa = XCBuildConfiguration;
			buildSettings = {
				ALWAYS_SEARCH_USER_PATHS = NO;
				CLANG_ANALYZER_NONNULL = YES;
				CLANG_ANALYZER_NUMBER_OBJECT_CONVERSION = YES_AGGRESSIVE;
				CLANG_CXX_LANGUAGE_STANDARD = "gnu++14";
				CLANG_CXX_LIBRARY = "libc++";
				CLANG_ENABLE_MODULES = YES;
				CLANG_ENABLE_OBJC_ARC = YES;
				CLANG_ENABLE_OBJC_WEAK = YES;
				CLANG_WARN_BLOCK_CAPTURE_AUTORELEASING = YES;
				CLANG_WARN_BOOL_CONVERSION = YES;
				CLANG_WARN_COMMA = YES;
				CLANG_WARN_CONSTANT_CONVERSION = YES;
				CLANG_WARN_DEPRECATED_OBJC_IMPLEMENTATIONS = YES;
				CLANG_WARN_DIRECT_OBJC_ISA_USAGE = YES_ERROR;
				CLANG_WARN_DOCUMENTATION_COMMENTS = YES;
				CLANG_WARN_EMPTY_BODY = YES;
				CLANG_WARN_ENUM_CONVERSION = YES;
				CLANG_WARN_INFINITE_RECURSION = YES;
				CLANG_WARN_INT_CONVERSION = YES;
				CLANG_WARN_NON_LITERAL_NULL_CONVERSION = YES;
				CLANG_WARN_OBJC_IMPLICIT_RETAIN_SELF = YES;
				CLANG_WARN_OBJC_LITERAL_CONVERSION = YES;
				CLANG_WARN_OBJC_ROOT_CLASS = YES_ERROR;
				CLANG_WARN_RANGE_LOOP_ANALYSIS = YES;
				CLANG_WARN_STRICT_PROTOTYPES = YES;
				CLANG_WARN_SUSPICIOUS_MOVE = YES;
				CLANG_WARN_UNGUARDED_AVAILABILITY = YES_AGGRESSIVE;
				CLANG_WARN_UNREACHABLE_CODE = YES;
				CLANG_WARN__DUPLICATE_METHOD_MATCH = YES;
				CODE_SIGN_IDENTITY = "iPhone Developer";
				COPY_PHASE_STRIP = NO;
				DEBUG_INFORMATION_FORMAT = "dwarf-with-dsym";
				ENABLE_NS_ASSERTIONS = NO;
				ENABLE_STRICT_OBJC_MSGSEND = YES;
				GCC_C_LANGUAGE_STANDARD = gnu11;
				GCC_NO_COMMON_BLOCKS = YES;
				GCC_WARN_64_TO_32_BIT_CONVERSION = YES;
				GCC_WARN_ABOUT_RETURN_TYPE = YES_ERROR;
				GCC_WARN_UNDECLARED_SELECTOR = YES;
				GCC_WARN_UNINITIALIZED_AUTOS = YES_AGGRESSIVE;
				GCC_WARN_UNUSED_FUNCTION = YES;
				GCC_WARN_UNUSED_VARIABLE = YES;
				IPHONEOS_DEPLOYMENT_TARGET = 11.4;
				MTL_ENABLE_DEBUG_INFO = NO;
				SDKROOT = iphoneos;
				VALIDATE_PRODUCT = YES;
			};
			name = Release;
		};
		B668B58721241EC500F60A79 /* Debug */ = {
			isa = XCBuildConfiguration;
			buildSettings = {
				ASSETCATALOG_COMPILER_APPICON_NAME = AppIcon;
				CLANG_ENABLE_MODULES = YES;
				CODE_SIGN_IDENTITY = "iPhone Developer";
				CODE_SIGN_STYLE = Automatic;
				DEVELOPMENT_TEAM = 9J87B48WLP;
				INFOPLIST_FILE = OCThink/Info.plist;
				IPHONEOS_DEPLOYMENT_TARGET = 9.0;
				LD_RUNPATH_SEARCH_PATHS = (
					"$(inherited)",
					"@executable_path/Frameworks",
				);
				PRODUCT_BUNDLE_IDENTIFIER = com.leoli.OCThink;
				PRODUCT_NAME = "$(TARGET_NAME)";
				PROVISIONING_PROFILE_SPECIFIER = "";
				SWIFT_OBJC_BRIDGING_HEADER = "OCThink/Swift/OCThink-Bridging-Header.h";
				SWIFT_OPTIMIZATION_LEVEL = "-Onone";
				SWIFT_VERSION = 4.2;
				TARGETED_DEVICE_FAMILY = "1,2";
			};
			name = Debug;
		};
		B668B58821241EC500F60A79 /* Release */ = {
			isa = XCBuildConfiguration;
			buildSettings = {
				ASSETCATALOG_COMPILER_APPICON_NAME = AppIcon;
				CLANG_ENABLE_MODULES = YES;
				CODE_SIGN_IDENTITY = "iPhone Developer";
				CODE_SIGN_STYLE = Automatic;
				DEVELOPMENT_TEAM = 9J87B48WLP;
				INFOPLIST_FILE = OCThink/Info.plist;
				IPHONEOS_DEPLOYMENT_TARGET = 9.0;
				LD_RUNPATH_SEARCH_PATHS = (
					"$(inherited)",
					"@executable_path/Frameworks",
				);
				PRODUCT_BUNDLE_IDENTIFIER = com.leoli.OCThink;
				PRODUCT_NAME = "$(TARGET_NAME)";
				PROVISIONING_PROFILE_SPECIFIER = "";
				SWIFT_OBJC_BRIDGING_HEADER = "OCThink/Swift/OCThink-Bridging-Header.h";
				SWIFT_VERSION = 4.2;
				TARGETED_DEVICE_FAMILY = "1,2";
			};
			name = Release;
		};
/* End XCBuildConfiguration section */

/* Begin XCConfigurationList section */
		B668B56B21241EC400F60A79 /* Build configuration list for PBXProject "OCThink" */ = {
			isa = XCConfigurationList;
			buildConfigurations = (
				B668B58421241EC500F60A79 /* Debug */,
				B668B58521241EC500F60A79 /* Release */,
			);
			defaultConfigurationIsVisible = 0;
			defaultConfigurationName = Release;
		};
		B668B58621241EC500F60A79 /* Build configuration list for PBXNativeTarget "OCThink" */ = {
			isa = XCConfigurationList;
			buildConfigurations = (
				B668B58721241EC500F60A79 /* Debug */,
				B668B58821241EC500F60A79 /* Release */,
			);
			defaultConfigurationIsVisible = 0;
			defaultConfigurationName = Release;
		};
/* End XCConfigurationList section */
	};
	rootObject = B668B56821241EC400F60A79 /* Project object */;
}
